
Microsoft Visual Studio Solution File, Format Version 12.00
# Visual Studio Version 17
VisualStudioVersion = 17.1.32421.90
MinimumVisualStudioVersion = 10.0.40219.1
Project("{9A19103F-16F7-4668-BE54-9A1E7A4F7556}") = "App", "App\App.csproj", "{E3D05458-816B-4602-914C-D6970EA58557}"
EndProject
Project("{54435603-DBB4-11D2-8724-00A0C9A8B90C}") = "Setup1", "Setup1\Setup1.vdproj", "{93E0A61D-3AE9-4263-BF64-57D4056432E6}"
EndProject
Global
	GlobalSection(SolutionConfigurationPlatforms) = preSolution
		Debug|x64 = Debug|x64
		Release|x64 = Release|x64
	EndGlobalSection
	GlobalSection(ProjectConfigurationPlatforms) = postSolution
		{E3D05458-816B-4602-914C-D6970EA58557}.Debug|x64.ActiveCfg = Debug|x64
		{E3D05458-816B-4602-914C-D6970EA58557}.Debug|x64.Build.0 = Debug|x64
		{E3D05458-816B-4602-914C-D6970EA58557}.Release|x64.ActiveCfg = Release|x64
		{E3D05458-816B-4602-914C-D6970EA58557}.Release|x64.Build.0 = Release|x64
		{93E0A61D-3AE9-4263-BF64-57D4056432E6}.Debug|x64.ActiveCfg = Debug
		{93E0A61D-3AE9-4263-BF64-57D4056432E6}.Release|x64.ActiveCfg = Release
	EndGlobalSection
	GlobalSection(SolutionProperties) = preSolution
		HideSolutionNode = FALSE
	EndGlobalSection
	GlobalSection(ExtensibilityGlobals) = postSolution
		SolutionGuid = {4C706DFE-39C7-463B-906C-A522A35F2AF3}
	EndGlobalSection
EndGlobal
